
Microsoft Visual Studio Solution File, Format Version 12.00
# Visual Studio Version 16
VisualStudioVersion = 16.0.31112.23
MinimumVisualStudioVersion = 10.0.40219.1
Project("{9A19103F-16F7-4668-BE54-9A1E7A4F7556}") = "MultiCommDashboards", "MultiCommDashboards\MultiCommDashboards.csproj", "{AC375F81-487E-48D1-BB1C-917F45C11099}"
EndProject
Project("{9A19103F-16F7-4668-BE54-9A1E7A4F7556}") = "LogUtils.Net", "..\SharedNetLibs\LogUtils.Net\LogUtils.Net.csproj", "{88DEC944-46C9-4DF6-8E37-7389B1B84BD6}"
EndProject
Project("{9A19103F-16F7-4668-BE54-9A1E7A4F7556}") = "ChkUtils.Net", "..\SharedNetLibs\ChkUtils.Net\ChkUtils.Net.csproj", "{B6B12E8D-F0B3-44F4-81EF-71E7F0C0B6C8}"
EndProject
Project("{9A19103F-16F7-4668-BE54-9A1E7A4F7556}") = "LanguageFactory.Net", "..\SharedNetLibs\LanguageFactory\LanguageFactory.Net.csproj", "{3F6BE0F0-5D4F-4495-83B7-A645C5277192}"
EndProject
Project("{9A19103F-16F7-4668-BE54-9A1E7A4F7556}") = "IconFactory.Net", "..\SharedNetLibs\IconFactory\IconFactory.Net.csproj", "{FF199AE6-8FF9-4EEC-94D8-5920EEF86A7B}"
EndProject
Project("{9A19103F-16F7-4668-BE54-9A1E7A4F7556}") = "WpfCustomControlLib.Core", "..\SharedNetCoreLibs\WpfCustomControlLib.Core\WpfCustomControlLib.Core.csproj", "{638E42DD-112D-41A3-B0F8-9C196727A4C5}"
EndProject
Project("{9A19103F-16F7-4668-BE54-9A1E7A4F7556}") = "WpfUserControlLib", "..\SharedNetCoreLibs\WpfUserControlLib\WpfUserControlLib.csproj", "{CE7B4723-8B93-486B-8807-340036F1E0B2}"
EndProject
Project("{9A19103F-16F7-4668-BE54-9A1E7A4F7556}") = "WpfHelperClasses.Core", "..\SharedNetCoreLibs\WpfHelpers.Core\WpfHelperClasses.Core.csproj", "{6E388085-85F9-4BD0-B048-01B2596B81BF}"
EndProject
Project("{9A19103F-16F7-4668-BE54-9A1E7A4F7556}") = "Communications.UWP.Core", "..\SharedNetCoreLibs\Communications.UWP.Core\Communications.UWP.Core.csproj", "{411010CC-E589-413A-ADF4-B794D88B78B3}"
EndProject
Project("{9A19103F-16F7-4668-BE54-9A1E7A4F7556}") = "MultiCommDashboardData", "MultiCommDashboardData\MultiCommDashboardData.csproj", "{73552844-EC50-4C20-9FD1-71A5A96522E0}"
EndProject
Project("{9A19103F-16F7-4668-BE54-9A1E7A4F7556}") = "StorageFactory.Net", "..\SharedNetLibs\StorageFactory.Net\StorageFactory.Net.csproj", "{392208F7-0938-4328-86CD-396DAC486852}"
EndProject
Project("{9A19103F-16F7-4668-BE54-9A1E7A4F7556}") = "MultiCommDashboardWrapper", "MultiCommDashboardWrapper\MultiCommDashboardWrapper.csproj", "{77454594-626D-4689-ABFA-23B270A744A9}"
EndProject
Project("{9A19103F-16F7-4668-BE54-9A1E7A4F7556}") = "DependencyInjectorFactory.Net", "..\SharedNetLibs\DependencyInjectorFactory\DependencyInjectorFactory.Net.csproj", "{7E83278A-246D-4C21-8AE9-4303AB783417}"
EndProject
Project("{9A19103F-16F7-4668-BE54-9A1E7A4F7556}") = "BluetoothCommon.Net", "..\SharedNetLibs\BluetoothCommon.Net\BluetoothCommon.Net.csproj", "{5EE5204B-75B0-4679-92DC-280E3CB18504}"
EndProject
Project("{9A19103F-16F7-4668-BE54-9A1E7A4F7556}") = "BluetoothCommon.UWP", "..\SharedUwpLibs\BluetoothCommon.UWP\BluetoothCommon.UWP.csproj", "{5B12F474-22B2-4606-9071-11336CCE6759}"
EndProject
Project("{9A19103F-16F7-4668-BE54-9A1E7A4F7556}") = "BluetoothRFCommUWP", "..\SharedUwpLibs\BluetoothRFCommUWP\BluetoothRFCommUWP.csproj", "{FB65D239-54D4-4156-A941-B58083A77120}"
EndProject
Project("{9A19103F-16F7-4668-BE54-9A1E7A4F7556}") = "CommunicationStack.Net", "..\SharedNetLibs\CommunicationStack.Net\CommunicationStack.Net.csproj", "{190B81E9-EC20-4E39-9823-3423CBDD588A}"
EndProject
Project("{9A19103F-16F7-4668-BE54-9A1E7A4F7556}") = "VariousUtils.Net", "..\SharedNetLibs\VariousUtils\VariousUtils.Net.csproj", "{8BE844EA-CCC6-4772-9EEA-36ADC1F73E73}"
EndProject
Global
	GlobalSection(SolutionConfigurationPlatforms) = preSolution
		Debug|Any CPU = Debug|Any CPU
		Release|Any CPU = Release|Any CPU
	EndGlobalSection
	GlobalSection(ProjectConfigurationPlatforms) = postSolution
		{AC375F81-487E-48D1-BB1C-917F45C11099}.Debug|Any CPU.ActiveCfg = Debug|Any CPU
		{AC375F81-487E-48D1-BB1C-917F45C11099}.Debug|Any CPU.Build.0 = Debug|Any CPU
		{AC375F81-487E-48D1-BB1C-917F45C11099}.Release|Any CPU.ActiveCfg = Release|Any CPU
		{AC375F81-487E-48D1-BB1C-917F45C11099}.Release|Any CPU.Build.0 = Release|Any CPU
		{88DEC944-46C9-4DF6-8E37-7389B1B84BD6}.Debug|Any CPU.ActiveCfg = Debug|Any CPU
		{88DEC944-46C9-4DF6-8E37-7389B1B84BD6}.Debug|Any CPU.Build.0 = Debug|Any CPU
		{88DEC944-46C9-4DF6-8E37-7389B1B84BD6}.Release|Any CPU.ActiveCfg = Release|Any CPU
		{88DEC944-46C9-4DF6-8E37-7389B1B84BD6}.Release|Any CPU.Build.0 = Release|Any CPU
		{B6B12E8D-F0B3-44F4-81EF-71E7F0C0B6C8}.Debug|Any CPU.ActiveCfg = Debug|Any CPU
		{B6B12E8D-F0B3-44F4-81EF-71E7F0C0B6C8}.Debug|Any CPU.Build.0 = Debug|Any CPU
		{B6B12E8D-F0B3-44F4-81EF-71E7F0C0B6C8}.Release|Any CPU.ActiveCfg = Release|Any CPU
		{B6B12E8D-F0B3-44F4-81EF-71E7F0C0B6C8}.Release|Any CPU.Build.0 = Release|Any CPU
		{3F6BE0F0-5D4F-4495-83B7-A645C5277192}.Debug|Any CPU.ActiveCfg = Debug|Any CPU
		{3F6BE0F0-5D4F-4495-83B7-A645C5277192}.Debug|Any CPU.Build.0 = Debug|Any CPU
		{3F6BE0F0-5D4F-4495-83B7-A645C5277192}.Release|Any CPU.ActiveCfg = Release|Any CPU
		{3F6BE0F0-5D4F-4495-83B7-A645C5277192}.Release|Any CPU.Build.0 = Release|Any CPU
		{FF199AE6-8FF9-4EEC-94D8-5920EEF86A7B}.Debug|Any CPU.ActiveCfg = Debug|Any CPU
		{FF199AE6-8FF9-4EEC-94D8-5920EEF86A7B}.Debug|Any CPU.Build.0 = Debug|Any CPU
		{FF199AE6-8FF9-4EEC-94D8-5920EEF86A7B}.Release|Any CPU.ActiveCfg = Release|Any CPU
		{FF199AE6-8FF9-4EEC-94D8-5920EEF86A7B}.Release|Any CPU.Build.0 = Release|Any CPU
		{638E42DD-112D-41A3-B0F8-9C196727A4C5}.Debug|Any CPU.ActiveCfg = Debug|Any CPU
		{638E42DD-112D-41A3-B0F8-9C196727A4C5}.Debug|Any CPU.Build.0 = Debug|Any CPU
		{638E42DD-112D-41A3-B0F8-9C196727A4C5}.Release|Any CPU.ActiveCfg = Release|Any CPU
		{638E42DD-112D-41A3-B0F8-9C196727A4C5}.Release|Any CPU.Build.0 = Release|Any CPU
		{CE7B4723-8B93-486B-8807-340036F1E0B2}.Debug|Any CPU.ActiveCfg = Debug|Any CPU
		{CE7B4723-8B93-486B-8807-340036F1E0B2}.Debug|Any CPU.Build.0 = Debug|Any CPU
		{CE7B4723-8B93-486B-8807-340036F1E0B2}.Release|Any CPU.ActiveCfg = Release|Any CPU
		{CE7B4723-8B93-486B-8807-340036F1E0B2}.Release|Any CPU.Build.0 = Release|Any CPU
		{6E388085-85F9-4BD0-B048-01B2596B81BF}.Debug|Any CPU.ActiveCfg = Debug|Any CPU
		{6E388085-85F9-4BD0-B048-01B2596B81BF}.Debug|Any CPU.Build.0 = Debug|Any CPU
		{6E388085-85F9-4BD0-B048-01B2596B81BF}.Release|Any CPU.ActiveCfg = Release|Any CPU
		{6E388085-85F9-4BD0-B048-01B2596B81BF}.Release|Any CPU.Build.0 = Release|Any CPU
		{411010CC-E589-413A-ADF4-B794D88B78B3}.Debug|Any CPU.ActiveCfg = Debug|Any CPU
		{411010CC-E589-413A-ADF4-B794D88B78B3}.Debug|Any CPU.Build.0 = Debug|Any CPU
		{411010CC-E589-413A-ADF4-B794D88B78B3}.Release|Any CPU.ActiveCfg = Release|Any CPU
		{411010CC-E589-413A-ADF4-B794D88B78B3}.Release|Any CPU.Build.0 = Release|Any CPU
		{73552844-EC50-4C20-9FD1-71A5A96522E0}.Debug|Any CPU.ActiveCfg = Debug|Any CPU
		{73552844-EC50-4C20-9FD1-71A5A96522E0}.Debug|Any CPU.Build.0 = Debug|Any CPU
		{73552844-EC50-4C20-9FD1-71A5A96522E0}.Release|Any CPU.ActiveCfg = Release|Any CPU
		{73552844-EC50-4C20-9FD1-71A5A96522E0}.Release|Any CPU.Build.0 = Release|Any CPU
		{392208F7-0938-4328-86CD-396DAC486852}.Debug|Any CPU.ActiveCfg = Debug|Any CPU
		{392208F7-0938-4328-86CD-396DAC486852}.Debug|Any CPU.Build.0 = Debug|Any CPU
		{392208F7-0938-4328-86CD-396DAC486852}.Release|Any CPU.ActiveCfg = Release|Any CPU
		{392208F7-0938-4328-86CD-396DAC486852}.Release|Any CPU.Build.0 = Release|Any CPU
		{77454594-626D-4689-ABFA-23B270A744A9}.Debug|Any CPU.ActiveCfg = Debug|Any CPU
		{77454594-626D-4689-ABFA-23B270A744A9}.Debug|Any CPU.Build.0 = Debug|Any CPU
		{77454594-626D-4689-ABFA-23B270A744A9}.Release|Any CPU.ActiveCfg = Release|Any CPU
		{77454594-626D-4689-ABFA-23B270A744A9}.Release|Any CPU.Build.0 = Release|Any CPU
		{7E83278A-246D-4C21-8AE9-4303AB783417}.Debug|Any CPU.ActiveCfg = Debug|Any CPU
		{7E83278A-246D-4C21-8AE9-4303AB783417}.Debug|Any CPU.Build.0 = Debug|Any CPU
		{7E83278A-246D-4C21-8AE9-4303AB783417}.Release|Any CPU.ActiveCfg = Release|Any CPU
		{7E83278A-246D-4C21-8AE9-4303AB783417}.Release|Any CPU.Build.0 = Release|Any CPU
		{5EE5204B-75B0-4679-92DC-280E3CB18504}.Debug|Any CPU.ActiveCfg = Debug|Any CPU
		{5EE5204B-75B0-4679-92DC-280E3CB18504}.Debug|Any CPU.Build.0 = Debug|Any CPU
		{5EE5204B-75B0-4679-92DC-280E3CB18504}.Release|Any CPU.ActiveCfg = Release|Any CPU
		{5EE5204B-75B0-4679-92DC-280E3CB18504}.Release|Any CPU.Build.0 = Release|Any CPU
		{5B12F474-22B2-4606-9071-11336CCE6759}.Debug|Any CPU.ActiveCfg = Debug|Any CPU
		{5B12F474-22B2-4606-9071-11336CCE6759}.Debug|Any CPU.Build.0 = Debug|Any CPU
		{5B12F474-22B2-4606-9071-11336CCE6759}.Release|Any CPU.ActiveCfg = Release|Any CPU
		{5B12F474-22B2-4606-9071-11336CCE6759}.Release|Any CPU.Build.0 = Release|Any CPU
		{FB65D239-54D4-4156-A941-B58083A77120}.Debug|Any CPU.ActiveCfg = Debug|Any CPU
		{FB65D239-54D4-4156-A941-B58083A77120}.Debug|Any CPU.Build.0 = Debug|Any CPU
		{FB65D239-54D4-4156-A941-B58083A77120}.Release|Any CPU.ActiveCfg = Release|Any CPU
		{FB65D239-54D4-4156-A941-B58083A77120}.Release|Any CPU.Build.0 = Release|Any CPU
		{190B81E9-EC20-4E39-9823-3423CBDD588A}.Debug|Any CPU.ActiveCfg = Debug|Any CPU
		{190B81E9-EC20-4E39-9823-3423CBDD588A}.Debug|Any CPU.Build.0 = Debug|Any CPU
		{190B81E9-EC20-4E39-9823-3423CBDD588A}.Release|Any CPU.ActiveCfg = Release|Any CPU
		{190B81E9-EC20-4E39-9823-3423CBDD588A}.Release|Any CPU.Build.0 = Release|Any CPU
		{8BE844EA-CCC6-4772-9EEA-36ADC1F73E73}.Debug|Any CPU.ActiveCfg = Debug|Any CPU
		{8BE844EA-CCC6-4772-9EEA-36ADC1F73E73}.Debug|Any CPU.Build.0 = Debug|Any CPU
		{8BE844EA-CCC6-4772-9EEA-36ADC1F73E73}.Release|Any CPU.ActiveCfg = Release|Any CPU
		{8BE844EA-CCC6-4772-9EEA-36ADC1F73E73}.Release|Any CPU.Build.0 = Release|Any CPU
	EndGlobalSection
	GlobalSection(SolutionProperties) = preSolution
		HideSolutionNode = FALSE
	EndGlobalSection
	GlobalSection(ExtensibilityGlobals) = postSolution
		SolutionGuid = {6C24BB07-84AC-4473-837D-0DD82BEA0BBA}
	EndGlobalSection
EndGlobal
